// !$*UTF8*$!
{
	archiveVersion = 1;
	classes = {
	};
	objectVersion = 48;
	objects = {

/* Begin PBXBuildFile section */
		049AAD852026521D00FF4B8D /* AppDelegate.swift in Sources */ = {isa = PBXBuildFile; fileRef = 049AAD842026521D00FF4B8D /* AppDelegate.swift */; };
		049AAD872026521D00FF4B8D /* ViewController.swift in Sources */ = {isa = PBXBuildFile; fileRef = 049AAD862026521D00FF4B8D /* ViewController.swift */; };
		049AAD8A2026521D00FF4B8D /* Main.storyboard in Resources */ = {isa = PBXBuildFile; fileRef = 049AAD882026521D00FF4B8D /* Main.storyboard */; };
		049AAD8C2026521D00FF4B8D /* Assets.xcassets in Resources */ = {isa = PBXBuildFile; fileRef = 049AAD8B2026521D00FF4B8D /* Assets.xcassets */; };
		049AAD8F2026521D00FF4B8D /* LaunchScreen.storyboard in Resources */ = {isa = PBXBuildFile; fileRef = 049AAD8D2026521D00FF4B8D /* LaunchScreen.storyboard */; };
/* End PBXBuildFile section */

/* Begin PBXFileReference section */
		049AAD812026521D00FF4B8D /* Word Garden.app */ = {isa = PBXFileReference; explicitFileType = wrapper.application; includeInIndex = 0; path = "Word Garden.app"; sourceTree = BUILT_PRODUCTS_DIR; };
		049AAD842026521D00FF4B8D /* AppDelegate.swift */ = {isa = PBXFileReference; lastKnownFileType = sourcecode.swift; path = AppDelegate.swift; sourceTree = "<group>"; };
		049AAD862026521D00FF4B8D /* ViewController.swift */ = {isa = PBXFileReference; lastKnownFileType = sourcecode.swift; path = ViewController.swift; sourceTree = "<group>"; };
		049AAD892026521D00FF4B8D /* Base */ = {isa = PBXFileReference; lastKnownFileType = file.storyboard; name = Base; path = Base.lproj/Main.storyboard; sourceTree = "<group>"; };
		049AAD8B2026521D00FF4B8D /* Assets.xcassets */ = {isa = PBXFileReference; lastKnownFileType = folder.assetcatalog; path = Assets.xcassets; sourceTree = "<group>"; };
		049AAD8E2026521D00FF4B8D /* Base */ = {isa = PBXFileReference; lastKnownFileType = file.storyboard; name = Base; path = Base.lproj/LaunchScreen.storyboard; sourceTree = "<group>"; };
		049AAD902026521D00FF4B8D /* Info.plist */ = {isa = PBXFileReference; lastKnownFileType = text.plist.xml; path = Info.plist; sourceTree = "<group>"; };
/* End PBXFileReference section */

/* Begin PBXFrameworksBuildPhase section */
		049AAD7E2026521D00FF4B8D /* Frameworks */ = {
			isa = PBXFrameworksBuildPhase;
			buildActionMask = 2147483647;
			files = (
			);
			runOnlyForDeploymentPostprocessing = 0;
		};
/* End PBXFrameworksBuildPhase section */

/* Begin PBXGroup section */
		049AAD782026521D00FF4B8D = {
			isa = PBXGroup;
			children = (
				049AAD832026521D00FF4B8D /* Word Garden */,
				049AAD822026521D00FF4B8D /* Products */,
			);
			sourceTree = "<group>";
		};
		049AAD822026521D00FF4B8D /* Products */ = {
			isa = PBXGroup;
			children = (
				049AAD812026521D00FF4B8D /* Word Garden.app */,
			);
			name = Products;
			sourceTree = "<group>";
		};
		049AAD832026521D00FF4B8D /* Word Garden */ = {
			isa = PBXGroup;
			children = (
				049AAD842026521D00FF4B8D /* AppDelegate.swift */,
				049AAD862026521D00FF4B8D /* ViewController.swift */,
				049AAD882026521D00FF4B8D /* Main.storyboard */,
				049AAD8B2026521D00FF4B8D /* Assets.xcassets */,
				049AAD8D2026521D00FF4B8D /* LaunchScreen.storyboard */,
				049AAD902026521D00FF4B8D /* Info.plist */,
			);
			path = "Word Garden";
			sourceTree = "<group>";
		};
/* End PBXGroup section */

/* Begin PBXNativeTarget section */
		049AAD802026521D00FF4B8D /* Word Garden */ = {
			isa = PBXNativeTarget;
			buildConfigurationList = 049AAD932026521D00FF4B8D /* Build configuration list for PBXNativeTarget "Word Garden" */;
			buildPhases = (
				049AAD7D2026521D00FF4B8D /* Sources */,
				049AAD7E2026521D00FF4B8D /* Frameworks */,
				049AAD7F2026521D00FF4B8D /* Resources */,
			);
			buildRules = (
			);
			dependencies = (
			);
			name = "Word Garden";
			productName = "Word Garden";
			productReference = 049AAD812026521D00FF4B8D /* Word Garden.app */;
			productType = "com.apple.product-type.application";
		};
/* End PBXNativeTarget section */

/* Begin PBXProject section */
		049AAD792026521D00FF4B8D /* Project object */ = {
			isa = PBXProject;
			attributes = {
				LastSwiftUpdateCheck = 0920;
				LastUpgradeCheck = 0920;
				ORGANIZATIONNAME = ISclass;
				TargetAttributes = {
					049AAD802026521D00FF4B8D = {
						CreatedOnToolsVersion = 9.2;
						ProvisioningStyle = Automatic;
					};
				};
			};
			buildConfigurationList = 049AAD7C2026521D00FF4B8D /* Build configuration list for PBXProject "Word Garden" */;
			compatibilityVersion = "Xcode 8.0";
			developmentRegion = en;
			hasScannedForEncodings = 0;
			knownRegions = (
				en,
				Base,
			);
			mainGroup = 049AAD782026521D00FF4B8D;
			productRefGroup = 049AAD822026521D00FF4B8D /* Products */;
			projectDirPath = "";
			projectRoot = "";
			targets = (
				049AAD802026521D00FF4B8D /* Word Garden */,
			);
		};
/* End PBXProject section */

/* Begin PBXResourcesBuildPhase section */
		049AAD7F2026521D00FF4B8D /* Resources */ = {
			isa = PBXResourcesBuildPhase;
			buildActionMask = 2147483647;
			files = (
				049AAD8F2026521D00FF4B8D /* LaunchScreen.storyboard in Resources */,
				049AAD8C2026521D00FF4B8D /* Assets.xcassets in Resources */,
				049AAD8A2026521D00FF4B8D /* Main.storyboard in Resources */,
			);
			runOnlyForDeploymentPostprocessing = 0;
		};
/* End PBXResourcesBuildPhase section */

/* Begin PBXSourcesBuildPhase section */
		049AAD7D2026521D00FF4B8D /* Sources */ = {
			isa = PBXSourcesBuildPhase;
			buildActionMask = 2147483647;
			files = (
				049AAD872026521D00FF4B8D /* ViewController.swift in Sources */,
				049AAD852026521D00FF4B8D /* AppDelegate.swift in Sources */,
			);
			runOnlyForDeploymentPostprocessing = 0;
		};
/* End PBXSourcesBuildPhase section */

/* Begin PBXVariantGroup section */
		049AAD882026521D00FF4B8D /* Main.storyboard */ = {
			isa = PBXVariantGroup;
			children = (
				049AAD892026521D00FF4B8D /* Base */,
			);
			name = Main.storyboard;
			sourceTree = "<group>";
		};
		049AAD8D2026521D00FF4B8D /* LaunchScreen.storyboard */ = {
			isa = PBXVariantGroup;
			children = (
				049AAD8E2026521D00FF4B8D /* Base */,
			);
			name = LaunchScreen.storyboard;
			sourceTree = "<group>";
		};
/* End PBXVariantGroup section */

/* Begin XCBuildConfiguration section */
		049AAD912026521D00FF4B8D /* Debug */ = {
			isa = XCBuildConfiguration;
			buildSettings = {
				ALWAYS_SEARCH_USER_PATHS = NO;
				CLANG_ANALYZER_NONNULL = YES;
				CLANG_ANALYZER_NUMBER_OBJECT_CONVERSION = YES_AGGRESSIVE;
				CLANG_CXX_LANGUAGE_STANDARD = "gnu++14";
				CLANG_CXX_LIBRARY = "libc++";
				CLANG_ENABLE_MODULES = YES;
				CLANG_ENABLE_OBJC_ARC = YES;
				CLANG_WARN_BLOCK_CAPTURE_AUTORELEASING = YES;
				CLANG_WARN_BOOL_CONVERSION = YES;
				CLANG_WARN_COMMA = YES;
				CLANG_WARN_CONSTANT_CONVERSION = YES;
				CLANG_WARN_DIRECT_OBJC_ISA_USAGE = YES_ERROR;
				CLANG_WARN_DOCUMENTATION_COMMENTS = YES;
				CLANG_WARN_EMPTY_BODY = YES;
				CLANG_WARN_ENUM_CONVERSION = YES;
				CLANG_WARN_INFINITE_RECURSION = YES;
				CLANG_WARN_INT_CONVERSION = YES;
				CLANG_WARN_NON_LITERAL_NULL_CONVERSION = YES;
				CLANG_WARN_OBJC_LITERAL_CONVERSION = YES;
				CLANG_WARN_OBJC_ROOT_CLASS = YES_ERROR;
				CLANG_WARN_RANGE_LOOP_ANALYSIS = YES;
				CLANG_WARN_STRICT_PROTOTYPES = YES;
				CLANG_WARN_SUSPICIOUS_MOVE = YES;
				CLANG_WARN_UNGUARDED_AVAILABILITY = YES_AGGRESSIVE;
				CLANG_WARN_UNREACHABLE_CODE = YES;
				CLANG_WARN__DUPLICATE_METHOD_MATCH = YES;
				CODE_SIGN_IDENTITY = "iPhone Developer";
				COPY_PHASE_STRIP = NO;
				DEBUG_INFORMATION_FORMAT = dwarf;
				ENABLE_STRICT_OBJC_MSGSEND = YES;
				ENABLE_TESTABILITY = YES;
				GCC_C_LANGUAGE_STANDARD = gnu11;
				GCC_DYNAMIC_NO_PIC = NO;
				GCC_NO_COMMON_BLOCKS = YES;
				GCC_OPTIMIZATION_LEVEL = 0;
				GCC_PREPROCESSOR_DEFINITIONS = (
					"DEBUG=1",
					"$(inherited)",
				);
				GCC_WARN_64_TO_32_BIT_CONVERSION = YES;
				GCC_WARN_ABOUT_RETURN_TYPE = YES_ERROR;
				GCC_WARN_UNDECLARED_SELECTOR = YES;
				GCC_WARN_UNINITIALIZED_AUTOS = YES_AGGRESSIVE;
				GCC_WARN_UNUSED_FUNCTION = YES;
				GCC_WARN_UNUSED_VARIABLE = YES;
				IPHONEOS_DEPLOYMENT_TARGET = 11.2;
				MTL_ENABLE_DEBUG_INFO = YES;
				ONLY_ACTIVE_ARCH = YES;
				SDKROOT = iphoneos;
				SWIFT_ACTIVE_COMPILATION_CONDITIONS = DEBUG;
				SWIFT_OPTIMIZATION_LEVEL = "-Onone";
			};
			name = Debug;
		};
		049AAD922026521D00FF4B8D /* Release */ = {
			isa = XCBuildConfiguration;
			buildSettings = {
				ALWAYS_SEARCH_USER_PATHS = NO;
				CLANG_ANALYZER_NONNULL = YES;
				CLANG_ANALYZER_NUMBER_OBJECT_CONVERSION = YES_AGGRESSIVE;
				CLANG_CXX_LANGUAGE_STANDARD = "gnu++14";
				CLANG_CXX_LIBRARY = "libc++";
				CLANG_ENABLE_MODULES = YES;
				CLANG_ENABLE_OBJC_ARC = YES;
				CLANG_WARN_BLOCK_CAPTURE_AUTORELEASING = YES;
				CLANG_WARN_BOOL_CONVERSION = YES;
				CLANG_WARN_COMMA = YES;
				CLANG_WARN_CONSTANT_CONVERSION = YES;
				CLANG_WARN_DIRECT_OBJC_ISA_USAGE = YES_ERROR;
				CLANG_WARN_DOCUMENTATION_COMMENTS = YES;
				CLANG_WARN_EMPTY_BODY = YES;
				CLANG_WARN_ENUM_CONVERSION = YES;
				CLANG_WARN_INFINITE_RECURSION = YES;
				CLANG_WARN_INT_CONVERSION = YES;
				CLANG_WARN_NON_LITERAL_NULL_CONVERSION = YES;
				CLANG_WARN_OBJC_LITERAL_CONVERSION = YES;
				CLANG_WARN_OBJC_ROOT_CLASS = YES_ERROR;
				CLANG_WARN_RANGE_LOOP_ANALYSIS = YES;
				CLANG_WARN_STRICT_PROTOTYPES = YES;
				CLANG_WARN_SUSPICIOUS_MOVE = YES;
				CLANG_WARN_UNGUARDED_AVAILABILITY = YES_AGGRESSIVE;
				CLANG_WARN_UNREACHABLE_CODE = YES;
				CLANG_WARN__DUPLICATE_METHOD_MATCH = YES;
				CODE_SIGN_IDENTITY = "iPhone Developer";
				COPY_PHASE_STRIP = NO;
				DEBUG_INFORMATION_FORMAT = "dwarf-with-dsym";
				ENABLE_NS_ASSERTIONS = NO;
				ENABLE_STRICT_OBJC_MSGSEND = YES;
				GCC_C_LANGUAGE_STANDARD = gnu11;
				GCC_NO_COMMON_BLOCKS = YES;
				GCC_WARN_64_TO_32_BIT_CONVERSION = YES;
				GCC_WARN_ABOUT_RETURN_TYPE = YES_ERROR;
				GCC_WARN_UNDECLARED_SELECTOR = YES;
				GCC_WARN_UNINITIALIZED_AUTOS = YES_AGGRESSIVE;
				GCC_WARN_UNUSED_FUNCTION = YES;
				GCC_WARN_UNUSED_VARIABLE = YES;
				IPHONEOS_DEPLOYMENT_TARGET = 11.2;
				MTL_ENABLE_DEBUG_INFO = NO;
				SDKROOT = iphoneos;
				SWIFT_OPTIMIZATION_LEVEL = "-Owholemodule";
				VALIDATE_PRODUCT = YES;
			};
			name = Release;
		};
		049AAD942026521D00FF4B8D /* Debug */ = {
			isa = XCBuildConfiguration;
			buildSettings = {
				ASSETCATALOG_COMPILER_APPICON_NAME = AppIcon;
				CODE_SIGN_STYLE = Automatic;
				DEVELOPMENT_TEAM = TZVRB936X5;
				INFOPLIST_FILE = "Word Garden/Info.plist";
				IPHONEOS_DEPLOYMENT_TARGET = 10.0;
				LD_RUNPATH_SEARCH_PATHS = "$(inherited) @executable_path/Frameworks";
				PRODUCT_BUNDLE_IDENTIFIER = "com.ISclass.Word-Garden";
				PRODUCT_NAME = "$(TARGET_NAME)";
				SWIFT_VERSION = 4.0;
				TARGETED_DEVICE_FAMILY = "1,2";
			};
			name = Debug;
		};
		049AAD952026521D00FF4B8D /* Release */ = {
			isa = XCBuildConfiguration;
			buildSettings = {
				ASSETCATALOG_COMPILER_APPICON_NAME = AppIcon;
				CODE_SIGN_STYLE = Automatic;
				DEVELOPMENT_TEAM = TZVRB936X5;
				INFOPLIST_FILE = "Word Garden/Info.plist";
				IPHONEOS_DEPLOYMENT_TARGET = 10.0;
				LD_RUNPATH_SEARCH_PATHS = "$(inherited) @executable_path/Frameworks";
				PRODUCT_BUNDLE_IDENTIFIER = "com.ISclass.Word-Garden";
				PRODUCT_NAME = "$(TARGET_NAME)";
				SWIFT_VERSION = 4.0;
				TARGETED_DEVICE_FAMILY = "1,2";
			};
			name = Release;
		};
/* End XCBuildConfiguration section */

/* Begin XCConfigurationList section */
		049AAD7C2026521D00FF4B8D /* Build configuration list for PBXProject "Word Garden" */ = {
			isa = XCConfigurationList;
			buildConfigurations = (
				049AAD912026521D00FF4B8D /* Debug */,
				049AAD922026521D00FF4B8D /* Release */,
			);
			defaultConfigurationIsVisible = 0;
			defaultConfigurationName = Release;
		};
		049AAD932026521D00FF4B8D /* Build configuration list for PBXNativeTarget "Word Garden" */ = {
			isa = XCConfigurationList;
			buildConfigurations = (
				049AAD942026521D00FF4B8D /* Debug */,
				049AAD952026521D00FF4B8D /* Release */,
			);
			defaultConfigurationIsVisible = 0;
			defaultConfigurationName = Release;
		};
/* End XCConfigurationList section */
	};
	rootObject = 049AAD792026521D00FF4B8D /* Project object */;
}
